
Microsoft Visual Studio Solution File, Format Version 12.00
# Visual Studio 15
VisualStudioVersion = 15.0.26228.4
MinimumVisualStudioVersion = 10.0.40219.1
Project("{2150E333-8FDC-42A3-9474-1A3956D46DE8}") = "4.Infrastructure", "4.Infrastructure", "{4293F981-DE4F-4772-8383-5E7FD3B3DD2D}"
EndProject
Project("{2150E333-8FDC-42A3-9474-1A3956D46DE8}") = "3.Domain", "3.Domain", "{A66C94B4-3FAA-4062-BACA-C4D54E2487A1}"
EndProject
Project("{2150E333-8FDC-42A3-9474-1A3956D46DE8}") = "1.Service", "1.Service", "{EE8BD636-04FC-4BF9-A244-918D6F2D1F43}"
EndProject
Project("{2150E333-8FDC-42A3-9474-1A3956D46DE8}") = "2.Process", "2.Process", "{E3EA26CB-CB4C-4FA1-A511-8B95819F164C}"
EndProject
Project("{2150E333-8FDC-42A3-9474-1A3956D46DE8}") = "Tests", "Tests", "{0A675689-BE47-428C-9D13-06F9272CFEE8}"
EndProject
Project("{2150E333-8FDC-42A3-9474-1A3956D46DE8}") = ".nuget", ".nuget", "{82E3A388-C0C7-4546-A930-FE548C9C4B4D}"
	ProjectSection(SolutionItems) = preProject
		.nuget\packages.config = .nuget\packages.config
	EndProjectSection
EndProject
Project("{FAE04EC0-301F-11D3-BF4B-00C04F79EFBC}") = "Heeelp.Core.Domain", "Heeelp.Core.Domain\Heeelp.Core.Domain.csproj", "{25091993-EB42-445F-928A-A3775E5DF15E}"
EndProject
Project("{FAE04EC0-301F-11D3-BF4B-00C04F79EFBC}") = "1.1.Heeelp.Core.Command", "Heeelp.Core.Command\1.1.Heeelp.Core.Command.csproj", "{2B8B68E3-972C-4725-B2D0-D57B248F0449}"
EndProject
Project("{2150E333-8FDC-42A3-9474-1A3956D46DE8}") = "0.UI", "0.UI", "{F9AF0256-A38B-46C4-A392-E7D6ACD3D445}"
EndProject
Project("{FAE04EC0-301F-11D3-BF4B-00C04F79EFBC}") = "Heeelp.Core.DataBase.SQL", "Core.DataBase.SQL\Heeelp.Core.DataBase.SQL.csproj", "{F8A25DE4-344E-41E0-937A-5122A1B9D15A}"
EndProject
Project("{FAE04EC0-301F-11D3-BF4B-00C04F79EFBC}") = "Heeelp.Core.Process.EventHandler", "Heeelp.Core.Process.EventHandler\Heeelp.Core.Process.EventHandler.csproj", "{374771D1-EA71-4388-B178-F4851CB67CFC}"
EndProject
Project("{FAE04EC0-301F-11D3-BF4B-00C04F79EFBC}") = "Heeelp.Core.Process.Event", "Heeelp.Core.Process.Event\Heeelp.Core.Process.Event.csproj", "{15826CB6-684F-46D0-8213-FB36D7CC4A38}"
EndProject
Project("{FAE04EC0-301F-11D3-BF4B-00C04F79EFBC}") = "Heeelp.Core.Process.CommandHandler", "Heeelp.Core.Process.CommandHandler\Heeelp.Core.Process.CommandHandler.csproj", "{AD646B4A-02F8-4F5B-A5F6-5EAECCDEEE7B}"
EndProject
Project("{FAE04EC0-301F-11D3-BF4B-00C04F79EFBC}") = "Heeelp.Core.Process.ProcessManager", "Heeelp.Core.Process.ProcessManager\Heeelp.Core.Process.ProcessManager.csproj", "{AB801664-0D7F-4101-921B-3BD6582768FB}"
EndProject
Project("{FAE04EC0-301F-11D3-BF4B-00C04F79EFBC}") = "Heeelp.Core.Infrastructure", "Infrastructure\Heeelp.Core.Infrastructure.csproj", "{B5786D07-5888-4DF5-B295-3FEA593F3BFE}"
EndProject
Project("{2150E333-8FDC-42A3-9474-1A3956D46DE8}") = "5.Heeelp.Core.Common", "5.Heeelp.Core.Common", "{6F8B256D-78C5-410D-9E8C-D4A75FACBF58}"
EndProject
Project("{FAE04EC0-301F-11D3-BF4B-00C04F79EFBC}") = "Heeelp.Core.WebAPI", "Heeelp.Core.WebAPI\Heeelp.Core.WebAPI.csproj", "{938F5EB4-749E-47C1-A4B2-B5F5F215A4BA}"
EndProject
Project("{FAE04EC0-301F-11D3-BF4B-00C04F79EFBC}") = "Heeelp.Core.Helper", "Heeelp.Core.Helper\Heeelp.Core.Helper.csproj", "{C0179BD1-317E-428E-BECE-12C05CB3B0C6}"
EndProject
Project("{2150E333-8FDC-42A3-9474-1A3956D46DE8}") = "Heeelp.Core.WindowsServices", "Heeelp.Core.WindowsServices", "{7DF4E0D0-3840-416E-8F76-AE34A337CDF3}"
EndProject
Project("{FAE04EC0-301F-11D3-BF4B-00C04F79EFBC}") = "WorkerRoleCommandProcessor", "Heeelp.Core.WindowsServices\WorkerRoleCommandProcessor.csproj", "{8D856E0A-17CC-42FC-9F18-32D20EF0C53A}"
EndProject
Project("{FAE04EC0-301F-11D3-BF4B-00C04F79EFBC}") = "Heeelp.Core.Common", "Heeelp.Core.Common\Heeelp.Core.Common.csproj", "{BAF088F8-3FCB-45EF-A228-6424C34C65CA}"
EndProject
Project("{FAE04EC0-301F-11D3-BF4B-00C04F79EFBC}") = "Heeelp.Core.UI", "Heeelp.Core.UI\Heeelp.Core.UI.csproj", "{51AEBE8F-AF51-4A49-AD17-062D2CFC1B46}"
EndProject
Project("{FAE04EC0-301F-11D3-BF4B-00C04F79EFBC}") = "Heeelp.Core.Infrastructure.Sql", "Heeelp.Core.Infrastructure.Sql\Heeelp.Core.Infrastructure.Sql.csproj", "{F038F286-5AEF-4341-83EC-9F72F42D06D6}"
EndProject
Project("{FAE04EC0-301F-11D3-BF4B-00C04F79EFBC}") = "Heeelp.Core.DataBase.SQL.ReadModel", "Heeelp.Core.DataBase.SQL.ReadModel\Heeelp.Core.DataBase.SQL.ReadModel.csproj", "{EB719B2A-A463-473D-848B-2F65DE8571DE}"
EndProject
Project("{FAE04EC0-301F-11D3-BF4B-00C04F79EFBC}") = "Heeelp.Core.Domain.ReadModel", "Heeelp.Core.Domain.ReadModel\Heeelp.Core.Domain.ReadModel.csproj", "{3526AE7A-D276-4C89-A6D8-85A04453EB10}"
EndProject
Project("{FAE04EC0-301F-11D3-BF4B-00C04F79EFBC}") = "Heeelp.Core.Logging", "Heeelp.Logging\Heeelp.Core.Logging.csproj", "{505E7509-235D-47ED-8DED-6D201274FD1C}"
EndProject
Project("{FAE04EC0-301F-11D3-BF4B-00C04F79EFBC}") = "Heeelp.Core.Storage", "Storage\Heeelp.Core.Storage.csproj", "{01133053-8D5A-4707-8618-2BEB8F0F4EA0}"
EndProject
Global
	GlobalSection(SolutionConfigurationPlatforms) = preSolution
		Debug|Any CPU = Debug|Any CPU
		Debug|Mixed Platforms = Debug|Mixed Platforms
		Debug|x86 = Debug|x86
		DebugLocal|Any CPU = DebugLocal|Any CPU
		DebugLocal|Mixed Platforms = DebugLocal|Mixed Platforms
		DebugLocal|x86 = DebugLocal|x86
		Homol|Any CPU = Homol|Any CPU
		Homol|Mixed Platforms = Homol|Mixed Platforms
		Homol|x86 = Homol|x86
		Laboratorio|Any CPU = Laboratorio|Any CPU
		Laboratorio|Mixed Platforms = Laboratorio|Mixed Platforms
		Laboratorio|x86 = Laboratorio|x86
		Release|Any CPU = Release|Any CPU
		Release|Mixed Platforms = Release|Mixed Platforms
		Release|x86 = Release|x86
	EndGlobalSection
	GlobalSection(ProjectConfigurationPlatforms) = postSolution
		{25091993-EB42-445F-928A-A3775E5DF15E}.Debug|Any CPU.ActiveCfg = Debug|Any CPU
		{25091993-EB42-445F-928A-A3775E5DF15E}.Debug|Any CPU.Build.0 = Debug|Any CPU
		{25091993-EB42-445F-928A-A3775E5DF15E}.Debug|Mixed Platforms.ActiveCfg = Debug|Any CPU
		{25091993-EB42-445F-928A-A3775E5DF15E}.Debug|Mixed Platforms.Build.0 = Debug|Any CPU
		{25091993-EB42-445F-928A-A3775E5DF15E}.Debug|x86.ActiveCfg = Debug|Any CPU
		{25091993-EB42-445F-928A-A3775E5DF15E}.DebugLocal|Any CPU.ActiveCfg = Debug|Any CPU
		{25091993-EB42-445F-928A-A3775E5DF15E}.DebugLocal|Any CPU.Build.0 = Debug|Any CPU
		{25091993-EB42-445F-928A-A3775E5DF15E}.DebugLocal|Mixed Platforms.ActiveCfg = Debug|Any CPU
		{25091993-EB42-445F-928A-A3775E5DF15E}.DebugLocal|Mixed Platforms.Build.0 = Debug|Any CPU
		{25091993-EB42-445F-928A-A3775E5DF15E}.DebugLocal|x86.ActiveCfg = Debug|Any CPU
		{25091993-EB42-445F-928A-A3775E5DF15E}.DebugLocal|x86.Build.0 = Debug|Any CPU
		{25091993-EB42-445F-928A-A3775E5DF15E}.Homol|Any CPU.ActiveCfg = Homol|Any CPU
		{25091993-EB42-445F-928A-A3775E5DF15E}.Homol|Any CPU.Build.0 = Homol|Any CPU
		{25091993-EB42-445F-928A-A3775E5DF15E}.Homol|Mixed Platforms.ActiveCfg = Homol|Any CPU
		{25091993-EB42-445F-928A-A3775E5DF15E}.Homol|Mixed Platforms.Build.0 = Homol|Any CPU
		{25091993-EB42-445F-928A-A3775E5DF15E}.Homol|x86.ActiveCfg = Homol|Any CPU
		{25091993-EB42-445F-928A-A3775E5DF15E}.Homol|x86.Build.0 = Homol|Any CPU
		{25091993-EB42-445F-928A-A3775E5DF15E}.Laboratorio|Any CPU.ActiveCfg = Laboratorio|Any CPU
		{25091993-EB42-445F-928A-A3775E5DF15E}.Laboratorio|Any CPU.Build.0 = Laboratorio|Any CPU
		{25091993-EB42-445F-928A-A3775E5DF15E}.Laboratorio|Mixed Platforms.ActiveCfg = Laboratorio|Any CPU
		{25091993-EB42-445F-928A-A3775E5DF15E}.Laboratorio|Mixed Platforms.Build.0 = Laboratorio|Any CPU
		{25091993-EB42-445F-928A-A3775E5DF15E}.Laboratorio|x86.ActiveCfg = Laboratorio|Any CPU
		{25091993-EB42-445F-928A-A3775E5DF15E}.Laboratorio|x86.Build.0 = Laboratorio|Any CPU
		{25091993-EB42-445F-928A-A3775E5DF15E}.Release|Any CPU.ActiveCfg = Release|Any CPU
		{25091993-EB42-445F-928A-A3775E5DF15E}.Release|Any CPU.Build.0 = Release|Any CPU
		{25091993-EB42-445F-928A-A3775E5DF15E}.Release|Mixed Platforms.ActiveCfg = Release|Any CPU
		{25091993-EB42-445F-928A-A3775E5DF15E}.Release|Mixed Platforms.Build.0 = Release|Any CPU
		{25091993-EB42-445F-928A-A3775E5DF15E}.Release|x86.ActiveCfg = Release|Any CPU
		{2B8B68E3-972C-4725-B2D0-D57B248F0449}.Debug|Any CPU.ActiveCfg = Debug|Any CPU
		{2B8B68E3-972C-4725-B2D0-D57B248F0449}.Debug|Any CPU.Build.0 = Debug|Any CPU
		{2B8B68E3-972C-4725-B2D0-D57B248F0449}.Debug|Mixed Platforms.ActiveCfg = Debug|Any CPU
		{2B8B68E3-972C-4725-B2D0-D57B248F0449}.Debug|Mixed Platforms.Build.0 = Debug|Any CPU
		{2B8B68E3-972C-4725-B2D0-D57B248F0449}.Debug|x86.ActiveCfg = Debug|Any CPU
		{2B8B68E3-972C-4725-B2D0-D57B248F0449}.DebugLocal|Any CPU.ActiveCfg = Debug|Any CPU
		{2B8B68E3-972C-4725-B2D0-D57B248F0449}.DebugLocal|Any CPU.Build.0 = Debug|Any CPU
		{2B8B68E3-972C-4725-B2D0-D57B248F0449}.DebugLocal|Mixed Platforms.ActiveCfg = Debug|Any CPU
		{2B8B68E3-972C-4725-B2D0-D57B248F0449}.DebugLocal|Mixed Platforms.Build.0 = Debug|Any CPU
		{2B8B68E3-972C-4725-B2D0-D57B248F0449}.DebugLocal|x86.ActiveCfg = Debug|Any CPU
		{2B8B68E3-972C-4725-B2D0-D57B248F0449}.DebugLocal|x86.Build.0 = Debug|Any CPU
		{2B8B68E3-972C-4725-B2D0-D57B248F0449}.Homol|Any CPU.ActiveCfg = Homol|Any CPU
		{2B8B68E3-972C-4725-B2D0-D57B248F0449}.Homol|Any CPU.Build.0 = Homol|Any CPU
		{2B8B68E3-972C-4725-B2D0-D57B248F0449}.Homol|Mixed Platforms.ActiveCfg = Homol|Any CPU
		{2B8B68E3-972C-4725-B2D0-D57B248F0449}.Homol|Mixed Platforms.Build.0 = Homol|Any CPU
		{2B8B68E3-972C-4725-B2D0-D57B248F0449}.Homol|x86.ActiveCfg = Homol|Any CPU
		{2B8B68E3-972C-4725-B2D0-D57B248F0449}.Homol|x86.Build.0 = Homol|Any CPU
		{2B8B68E3-972C-4725-B2D0-D57B248F0449}.Laboratorio|Any CPU.ActiveCfg = Laboratorio|Any CPU
		{2B8B68E3-972C-4725-B2D0-D57B248F0449}.Laboratorio|Any CPU.Build.0 = Laboratorio|Any CPU
		{2B8B68E3-972C-4725-B2D0-D57B248F0449}.Laboratorio|Mixed Platforms.ActiveCfg = Laboratorio|Any CPU
		{2B8B68E3-972C-4725-B2D0-D57B248F0449}.Laboratorio|Mixed Platforms.Build.0 = Laboratorio|Any CPU
		{2B8B68E3-972C-4725-B2D0-D57B248F0449}.Laboratorio|x86.ActiveCfg = Laboratorio|Any CPU
		{2B8B68E3-972C-4725-B2D0-D57B248F0449}.Laboratorio|x86.Build.0 = Laboratorio|Any CPU
		{2B8B68E3-972C-4725-B2D0-D57B248F0449}.Release|Any CPU.ActiveCfg = Release|Any CPU
		{2B8B68E3-972C-4725-B2D0-D57B248F0449}.Release|Any CPU.Build.0 = Release|Any CPU
		{2B8B68E3-972C-4725-B2D0-D57B248F0449}.Release|Mixed Platforms.ActiveCfg = Release|Any CPU
		{2B8B68E3-972C-4725-B2D0-D57B248F0449}.Release|Mixed Platforms.Build.0 = Release|Any CPU
		{2B8B68E3-972C-4725-B2D0-D57B248F0449}.Release|x86.ActiveCfg = Release|Any CPU
		{F8A25DE4-344E-41E0-937A-5122A1B9D15A}.Debug|Any CPU.ActiveCfg = Debug|Any CPU
		{F8A25DE4-344E-41E0-937A-5122A1B9D15A}.Debug|Any CPU.Build.0 = Debug|Any CPU
		{F8A25DE4-344E-41E0-937A-5122A1B9D15A}.Debug|Mixed Platforms.ActiveCfg = Debug|Any CPU
		{F8A25DE4-344E-41E0-937A-5122A1B9D15A}.Debug|Mixed Platforms.Build.0 = Debug|Any CPU
		{F8A25DE4-344E-41E0-937A-5122A1B9D15A}.Debug|x86.ActiveCfg = Debug|Any CPU
		{F8A25DE4-344E-41E0-937A-5122A1B9D15A}.Debug|x86.Build.0 = Debug|Any CPU
		{F8A25DE4-344E-41E0-937A-5122A1B9D15A}.DebugLocal|Any CPU.ActiveCfg = Debug|Any CPU
		{F8A25DE4-344E-41E0-937A-5122A1B9D15A}.DebugLocal|Any CPU.Build.0 = Debug|Any CPU
		{F8A25DE4-344E-41E0-937A-5122A1B9D15A}.DebugLocal|Mixed Platforms.ActiveCfg = Debug|Any CPU
		{F8A25DE4-344E-41E0-937A-5122A1B9D15A}.DebugLocal|Mixed Platforms.Build.0 = Debug|Any CPU
		{F8A25DE4-344E-41E0-937A-5122A1B9D15A}.DebugLocal|x86.ActiveCfg = Debug|Any CPU
		{F8A25DE4-344E-41E0-937A-5122A1B9D15A}.DebugLocal|x86.Build.0 = Debug|Any CPU
		{F8A25DE4-344E-41E0-937A-5122A1B9D15A}.Homol|Any CPU.ActiveCfg = Homol|Any CPU
		{F8A25DE4-344E-41E0-937A-5122A1B9D15A}.Homol|Any CPU.Build.0 = Homol|Any CPU
		{F8A25DE4-344E-41E0-937A-5122A1B9D15A}.Homol|Mixed Platforms.ActiveCfg = Homol|Any CPU
		{F8A25DE4-344E-41E0-937A-5122A1B9D15A}.Homol|Mixed Platforms.Build.0 = Homol|Any CPU
		{F8A25DE4-344E-41E0-937A-5122A1B9D15A}.Homol|x86.ActiveCfg = Homol|Any CPU
		{F8A25DE4-344E-41E0-937A-5122A1B9D15A}.Homol|x86.Build.0 = Homol|Any CPU
		{F8A25DE4-344E-41E0-937A-5122A1B9D15A}.Laboratorio|Any CPU.ActiveCfg = Laboratorio|Any CPU
		{F8A25DE4-344E-41E0-937A-5122A1B9D15A}.Laboratorio|Any CPU.Build.0 = Laboratorio|Any CPU
		{F8A25DE4-344E-41E0-937A-5122A1B9D15A}.Laboratorio|Mixed Platforms.ActiveCfg = Laboratorio|Any CPU
		{F8A25DE4-344E-41E0-937A-5122A1B9D15A}.Laboratorio|Mixed Platforms.Build.0 = Laboratorio|Any CPU
		{F8A25DE4-344E-41E0-937A-5122A1B9D15A}.Laboratorio|x86.ActiveCfg = Laboratorio|Any CPU
		{F8A25DE4-344E-41E0-937A-5122A1B9D15A}.Laboratorio|x86.Build.0 = Laboratorio|Any CPU
		{F8A25DE4-344E-41E0-937A-5122A1B9D15A}.Release|Any CPU.ActiveCfg = Release|Any CPU
		{F8A25DE4-344E-41E0-937A-5122A1B9D15A}.Release|Any CPU.Build.0 = Release|Any CPU
		{F8A25DE4-344E-41E0-937A-5122A1B9D15A}.Release|Mixed Platforms.ActiveCfg = Release|Any CPU
		{F8A25DE4-344E-41E0-937A-5122A1B9D15A}.Release|Mixed Platforms.Build.0 = Release|Any CPU
		{F8A25DE4-344E-41E0-937A-5122A1B9D15A}.Release|x86.ActiveCfg = Release|Any CPU
		{F8A25DE4-344E-41E0-937A-5122A1B9D15A}.Release|x86.Build.0 = Release|Any CPU
		{374771D1-EA71-4388-B178-F4851CB67CFC}.Debug|Any CPU.ActiveCfg = Debug|Any CPU
		{374771D1-EA71-4388-B178-F4851CB67CFC}.Debug|Any CPU.Build.0 = Debug|Any CPU
		{374771D1-EA71-4388-B178-F4851CB67CFC}.Debug|Mixed Platforms.ActiveCfg = Debug|Any CPU
		{374771D1-EA71-4388-B178-F4851CB67CFC}.Debug|Mixed Platforms.Build.0 = Debug|Any CPU
		{374771D1-EA71-4388-B178-F4851CB67CFC}.Debug|x86.ActiveCfg = Debug|Any CPU
		{374771D1-EA71-4388-B178-F4851CB67CFC}.Debug|x86.Build.0 = Debug|Any CPU
		{374771D1-EA71-4388-B178-F4851CB67CFC}.DebugLocal|Any CPU.ActiveCfg = Debug|Any CPU
		{374771D1-EA71-4388-B178-F4851CB67CFC}.DebugLocal|Any CPU.Build.0 = Debug|Any CPU
		{374771D1-EA71-4388-B178-F4851CB67CFC}.DebugLocal|Mixed Platforms.ActiveCfg = Debug|Any CPU
		{374771D1-EA71-4388-B178-F4851CB67CFC}.DebugLocal|Mixed Platforms.Build.0 = Debug|Any CPU
		{374771D1-EA71-4388-B178-F4851CB67CFC}.DebugLocal|x86.ActiveCfg = Debug|Any CPU
		{374771D1-EA71-4388-B178-F4851CB67CFC}.DebugLocal|x86.Build.0 = Debug|Any CPU
		{374771D1-EA71-4388-B178-F4851CB67CFC}.Homol|Any CPU.ActiveCfg = Homol|Any CPU
		{374771D1-EA71-4388-B178-F4851CB67CFC}.Homol|Any CPU.Build.0 = Homol|Any CPU
		{374771D1-EA71-4388-B178-F4851CB67CFC}.Homol|Mixed Platforms.ActiveCfg = Homol|Any CPU
		{374771D1-EA71-4388-B178-F4851CB67CFC}.Homol|Mixed Platforms.Build.0 = Homol|Any CPU
		{374771D1-EA71-4388-B178-F4851CB67CFC}.Homol|x86.ActiveCfg = Homol|Any CPU
		{374771D1-EA71-4388-B178-F4851CB67CFC}.Homol|x86.Build.0 = Homol|Any CPU
		{374771D1-EA71-4388-B178-F4851CB67CFC}.Laboratorio|Any CPU.ActiveCfg = Laboratorio|Any CPU
		{374771D1-EA71-4388-B178-F4851CB67CFC}.Laboratorio|Any CPU.Build.0 = Laboratorio|Any CPU
		{374771D1-EA71-4388-B178-F4851CB67CFC}.Laboratorio|Mixed Platforms.ActiveCfg = Laboratorio|Any CPU
		{374771D1-EA71-4388-B178-F4851CB67CFC}.Laboratorio|Mixed Platforms.Build.0 = Laboratorio|Any CPU
		{374771D1-EA71-4388-B178-F4851CB67CFC}.Laboratorio|x86.ActiveCfg = Laboratorio|Any CPU
		{374771D1-EA71-4388-B178-F4851CB67CFC}.Laboratorio|x86.Build.0 = Laboratorio|Any CPU
		{374771D1-EA71-4388-B178-F4851CB67CFC}.Release|Any CPU.ActiveCfg = Release|Any CPU
		{374771D1-EA71-4388-B178-F4851CB67CFC}.Release|Any CPU.Build.0 = Release|Any CPU
		{374771D1-EA71-4388-B178-F4851CB67CFC}.Release|Mixed Platforms.ActiveCfg = Release|Any CPU
		{374771D1-EA71-4388-B178-F4851CB67CFC}.Release|Mixed Platforms.Build.0 = Release|Any CPU
		{374771D1-EA71-4388-B178-F4851CB67CFC}.Release|x86.ActiveCfg = Release|Any CPU
		{374771D1-EA71-4388-B178-F4851CB67CFC}.Release|x86.Build.0 = Release|Any CPU
		{15826CB6-684F-46D0-8213-FB36D7CC4A38}.Debug|Any CPU.ActiveCfg = Debug|Any CPU
		{15826CB6-684F-46D0-8213-FB36D7CC4A38}.Debug|Any CPU.Build.0 = Debug|Any CPU
		{15826CB6-684F-46D0-8213-FB36D7CC4A38}.Debug|Mixed Platforms.ActiveCfg = Debug|Any CPU
		{15826CB6-684F-46D0-8213-FB36D7CC4A38}.Debug|Mixed Platforms.Build.0 = Debug|Any CPU
		{15826CB6-684F-46D0-8213-FB36D7CC4A38}.Debug|x86.ActiveCfg = Debug|Any CPU
		{15826CB6-684F-46D0-8213-FB36D7CC4A38}.Debug|x86.Build.0 = Debug|Any CPU
		{15826CB6-684F-46D0-8213-FB36D7CC4A38}.DebugLocal|Any CPU.ActiveCfg = Debug|Any CPU
		{15826CB6-684F-46D0-8213-FB36D7CC4A38}.DebugLocal|Any CPU.Build.0 = Debug|Any CPU
		{15826CB6-684F-46D0-8213-FB36D7CC4A38}.DebugLocal|Mixed Platforms.ActiveCfg = Debug|Any CPU
		{15826CB6-684F-46D0-8213-FB36D7CC4A38}.DebugLocal|Mixed Platforms.Build.0 = Debug|Any CPU
		{15826CB6-684F-46D0-8213-FB36D7CC4A38}.DebugLocal|x86.ActiveCfg = Debug|Any CPU
		{15826CB6-684F-46D0-8213-FB36D7CC4A38}.DebugLocal|x86.Build.0 = Debug|Any CPU
		{15826CB6-684F-46D0-8213-FB36D7CC4A38}.Homol|Any CPU.ActiveCfg = Homol|Any CPU
		{15826CB6-684F-46D0-8213-FB36D7CC4A38}.Homol|Any CPU.Build.0 = Homol|Any CPU
		{15826CB6-684F-46D0-8213-FB36D7CC4A38}.Homol|Mixed Platforms.ActiveCfg = Homol|Any CPU
		{15826CB6-684F-46D0-8213-FB36D7CC4A38}.Homol|Mixed Platforms.Build.0 = Homol|Any CPU
		{15826CB6-684F-46D0-8213-FB36D7CC4A38}.Homol|x86.ActiveCfg = Homol|Any CPU
		{15826CB6-684F-46D0-8213-FB36D7CC4A38}.Homol|x86.Build.0 = Homol|Any CPU
		{15826CB6-684F-46D0-8213-FB36D7CC4A38}.Laboratorio|Any CPU.ActiveCfg = Laboratorio|Any CPU
		{15826CB6-684F-46D0-8213-FB36D7CC4A38}.Laboratorio|Any CPU.Build.0 = Laboratorio|Any CPU
		{15826CB6-684F-46D0-8213-FB36D7CC4A38}.Laboratorio|Mixed Platforms.ActiveCfg = Laboratorio|Any CPU
		{15826CB6-684F-46D0-8213-FB36D7CC4A38}.Laboratorio|Mixed Platforms.Build.0 = Laboratorio|Any CPU
		{15826CB6-684F-46D0-8213-FB36D7CC4A38}.Laboratorio|x86.ActiveCfg = Laboratorio|Any CPU
		{15826CB6-684F-46D0-8213-FB36D7CC4A38}.Laboratorio|x86.Build.0 = Laboratorio|Any CPU
		{15826CB6-684F-46D0-8213-FB36D7CC4A38}.Release|Any CPU.ActiveCfg = Release|Any CPU
		{15826CB6-684F-46D0-8213-FB36D7CC4A38}.Release|Any CPU.Build.0 = Release|Any CPU
		{15826CB6-684F-46D0-8213-FB36D7CC4A38}.Release|Mixed Platforms.ActiveCfg = Release|Any CPU
		{15826CB6-684F-46D0-8213-FB36D7CC4A38}.Release|Mixed Platforms.Build.0 = Release|Any CPU
		{15826CB6-684F-46D0-8213-FB36D7CC4A38}.Release|x86.ActiveCfg = Release|Any CPU
		{15826CB6-684F-46D0-8213-FB36D7CC4A38}.Release|x86.Build.0 = Release|Any CPU
		{AD646B4A-02F8-4F5B-A5F6-5EAECCDEEE7B}.Debug|Any CPU.ActiveCfg = Debug|Any CPU
		{AD646B4A-02F8-4F5B-A5F6-5EAECCDEEE7B}.Debug|Any CPU.Build.0 = Debug|Any CPU
		{AD646B4A-02F8-4F5B-A5F6-5EAECCDEEE7B}.Debug|Mixed Platforms.ActiveCfg = Debug|Any CPU
		{AD646B4A-02F8-4F5B-A5F6-5EAECCDEEE7B}.Debug|Mixed Platforms.Build.0 = Debug|Any CPU
		{AD646B4A-02F8-4F5B-A5F6-5EAECCDEEE7B}.Debug|x86.ActiveCfg = Debug|Any CPU
		{AD646B4A-02F8-4F5B-A5F6-5EAECCDEEE7B}.Debug|x86.Build.0 = Debug|Any CPU
		{AD646B4A-02F8-4F5B-A5F6-5EAECCDEEE7B}.DebugLocal|Any CPU.ActiveCfg = Debug|Any CPU
		{AD646B4A-02F8-4F5B-A5F6-5EAECCDEEE7B}.DebugLocal|Any CPU.Build.0 = Debug|Any CPU
		{AD646B4A-02F8-4F5B-A5F6-5EAECCDEEE7B}.DebugLocal|Mixed Platforms.ActiveCfg = Debug|Any CPU
		{AD646B4A-02F8-4F5B-A5F6-5EAECCDEEE7B}.DebugLocal|Mixed Platforms.Build.0 = Debug|Any CPU
		{AD646B4A-02F8-4F5B-A5F6-5EAECCDEEE7B}.DebugLocal|x86.ActiveCfg = Debug|Any CPU
		{AD646B4A-02F8-4F5B-A5F6-5EAECCDEEE7B}.DebugLocal|x86.Build.0 = Debug|Any CPU
		{AD646B4A-02F8-4F5B-A5F6-5EAECCDEEE7B}.Homol|Any CPU.ActiveCfg = Homol|Any CPU
		{AD646B4A-02F8-4F5B-A5F6-5EAECCDEEE7B}.Homol|Any CPU.Build.0 = Homol|Any CPU
		{AD646B4A-02F8-4F5B-A5F6-5EAECCDEEE7B}.Homol|Mixed Platforms.ActiveCfg = Homol|Any CPU
		{AD646B4A-02F8-4F5B-A5F6-5EAECCDEEE7B}.Homol|Mixed Platforms.Build.0 = Homol|Any CPU
		{AD646B4A-02F8-4F5B-A5F6-5EAECCDEEE7B}.Homol|x86.ActiveCfg = Homol|Any CPU
		{AD646B4A-02F8-4F5B-A5F6-5EAECCDEEE7B}.Homol|x86.Build.0 = Homol|Any CPU
		{AD646B4A-02F8-4F5B-A5F6-5EAECCDEEE7B}.Laboratorio|Any CPU.ActiveCfg = Laboratorio|Any CPU
		{AD646B4A-02F8-4F5B-A5F6-5EAECCDEEE7B}.Laboratorio|Any CPU.Build.0 = Laboratorio|Any CPU
		{AD646B4A-02F8-4F5B-A5F6-5EAECCDEEE7B}.Laboratorio|Mixed Platforms.ActiveCfg = Laboratorio|Any CPU
		{AD646B4A-02F8-4F5B-A5F6-5EAECCDEEE7B}.Laboratorio|Mixed Platforms.Build.0 = Laboratorio|Any CPU
		{AD646B4A-02F8-4F5B-A5F6-5EAECCDEEE7B}.Laboratorio|x86.ActiveCfg = Laboratorio|Any CPU
		{AD646B4A-02F8-4F5B-A5F6-5EAECCDEEE7B}.Laboratorio|x86.Build.0 = Laboratorio|Any CPU
		{AD646B4A-02F8-4F5B-A5F6-5EAECCDEEE7B}.Release|Any CPU.ActiveCfg = Release|Any CPU
		{AD646B4A-02F8-4F5B-A5F6-5EAECCDEEE7B}.Release|Any CPU.Build.0 = Release|Any CPU
		{AD646B4A-02F8-4F5B-A5F6-5EAECCDEEE7B}.Release|Mixed Platforms.ActiveCfg = Release|Any CPU
		{AD646B4A-02F8-4F5B-A5F6-5EAECCDEEE7B}.Release|Mixed Platforms.Build.0 = Release|Any CPU
		{AD646B4A-02F8-4F5B-A5F6-5EAECCDEEE7B}.Release|x86.ActiveCfg = Release|Any CPU
		{AD646B4A-02F8-4F5B-A5F6-5EAECCDEEE7B}.Release|x86.Build.0 = Release|Any CPU
		{AB801664-0D7F-4101-921B-3BD6582768FB}.Debug|Any CPU.ActiveCfg = Debug|Any CPU
		{AB801664-0D7F-4101-921B-3BD6582768FB}.Debug|Any CPU.Build.0 = Debug|Any CPU
		{AB801664-0D7F-4101-921B-3BD6582768FB}.Debug|Mixed Platforms.ActiveCfg = Debug|Any CPU
		{AB801664-0D7F-4101-921B-3BD6582768FB}.Debug|Mixed Platforms.Build.0 = Debug|Any CPU
		{AB801664-0D7F-4101-921B-3BD6582768FB}.Debug|x86.ActiveCfg = Debug|Any CPU
		{AB801664-0D7F-4101-921B-3BD6582768FB}.Debug|x86.Build.0 = Debug|Any CPU
		{AB801664-0D7F-4101-921B-3BD6582768FB}.DebugLocal|Any CPU.ActiveCfg = Debug|Any CPU
		{AB801664-0D7F-4101-921B-3BD6582768FB}.DebugLocal|Any CPU.Build.0 = Debug|Any CPU
		{AB801664-0D7F-4101-921B-3BD6582768FB}.DebugLocal|Mixed Platforms.ActiveCfg = Debug|Any CPU
		{AB801664-0D7F-4101-921B-3BD6582768FB}.DebugLocal|Mixed Platforms.Build.0 = Debug|Any CPU
		{AB801664-0D7F-4101-921B-3BD6582768FB}.DebugLocal|x86.ActiveCfg = Debug|Any CPU
		{AB801664-0D7F-4101-921B-3BD6582768FB}.DebugLocal|x86.Build.0 = Debug|Any CPU
		{AB801664-0D7F-4101-921B-3BD6582768FB}.Homol|Any CPU.ActiveCfg = Homol|Any CPU
		{AB801664-0D7F-4101-921B-3BD6582768FB}.Homol|Any CPU.Build.0 = Homol|Any CPU
		{AB801664-0D7F-4101-921B-3BD6582768FB}.Homol|Mixed Platforms.ActiveCfg = Homol|Any CPU
		{AB801664-0D7F-4101-921B-3BD6582768FB}.Homol|Mixed Platforms.Build.0 = Homol|Any CPU
		{AB801664-0D7F-4101-921B-3BD6582768FB}.Homol|x86.ActiveCfg = Homol|Any CPU
		{AB801664-0D7F-4101-921B-3BD6582768FB}.Homol|x86.Build.0 = Homol|Any CPU
		{AB801664-0D7F-4101-921B-3BD6582768FB}.Laboratorio|Any CPU.ActiveCfg = Laboratorio|Any CPU
		{AB801664-0D7F-4101-921B-3BD6582768FB}.Laboratorio|Any CPU.Build.0 = Laboratorio|Any CPU
		{AB801664-0D7F-4101-921B-3BD6582768FB}.Laboratorio|Mixed Platforms.ActiveCfg = Laboratorio|Any CPU
		{AB801664-0D7F-4101-921B-3BD6582768FB}.Laboratorio|Mixed Platforms.Build.0 = Laboratorio|Any CPU
		{AB801664-0D7F-4101-921B-3BD6582768FB}.Laboratorio|x86.ActiveCfg = Laboratorio|Any CPU
		{AB801664-0D7F-4101-921B-3BD6582768FB}.Laboratorio|x86.Build.0 = Laboratorio|Any CPU
		{AB801664-0D7F-4101-921B-3BD6582768FB}.Release|Any CPU.ActiveCfg = Release|Any CPU
		{AB801664-0D7F-4101-921B-3BD6582768FB}.Release|Any CPU.Build.0 = Release|Any CPU
		{AB801664-0D7F-4101-921B-3BD6582768FB}.Release|Mixed Platforms.ActiveCfg = Release|Any CPU
		{AB801664-0D7F-4101-921B-3BD6582768FB}.Release|Mixed Platforms.Build.0 = Release|Any CPU
		{AB801664-0D7F-4101-921B-3BD6582768FB}.Release|x86.ActiveCfg = Release|Any CPU
		{AB801664-0D7F-4101-921B-3BD6582768FB}.Release|x86.Build.0 = Release|Any CPU
		{B5786D07-5888-4DF5-B295-3FEA593F3BFE}.Debug|Any CPU.ActiveCfg = Debug|Any CPU
		{B5786D07-5888-4DF5-B295-3FEA593F3BFE}.Debug|Any CPU.Build.0 = Debug|Any CPU
		{B5786D07-5888-4DF5-B295-3FEA593F3BFE}.Debug|Mixed Platforms.ActiveCfg = Debug|Any CPU
		{B5786D07-5888-4DF5-B295-3FEA593F3BFE}.Debug|Mixed Platforms.Build.0 = Debug|Any CPU
		{B5786D07-5888-4DF5-B295-3FEA593F3BFE}.Debug|x86.ActiveCfg = Debug|Any CPU
		{B5786D07-5888-4DF5-B295-3FEA593F3BFE}.Debug|x86.Build.0 = Debug|Any CPU
		{B5786D07-5888-4DF5-B295-3FEA593F3BFE}.DebugLocal|Any CPU.ActiveCfg = Debug|Any CPU
		{B5786D07-5888-4DF5-B295-3FEA593F3BFE}.DebugLocal|Any CPU.Build.0 = Debug|Any CPU
		{B5786D07-5888-4DF5-B295-3FEA593F3BFE}.DebugLocal|Mixed Platforms.ActiveCfg = Debug|Any CPU
		{B5786D07-5888-4DF5-B295-3FEA593F3BFE}.DebugLocal|Mixed Platforms.Build.0 = Debug|Any CPU
		{B5786D07-5888-4DF5-B295-3FEA593F3BFE}.DebugLocal|x86.ActiveCfg = Debug|Any CPU
		{B5786D07-5888-4DF5-B295-3FEA593F3BFE}.DebugLocal|x86.Build.0 = Debug|Any CPU
		{B5786D07-5888-4DF5-B295-3FEA593F3BFE}.Homol|Any CPU.ActiveCfg = Homol|Any CPU
		{B5786D07-5888-4DF5-B295-3FEA593F3BFE}.Homol|Any CPU.Build.0 = Homol|Any CPU
		{B5786D07-5888-4DF5-B295-3FEA593F3BFE}.Homol|Mixed Platforms.ActiveCfg = Homol|Any CPU
		{B5786D07-5888-4DF5-B295-3FEA593F3BFE}.Homol|Mixed Platforms.Build.0 = Homol|Any CPU
		{B5786D07-5888-4DF5-B295-3FEA593F3BFE}.Homol|x86.ActiveCfg = Homol|Any CPU
		{B5786D07-5888-4DF5-B295-3FEA593F3BFE}.Homol|x86.Build.0 = Homol|Any CPU
		{B5786D07-5888-4DF5-B295-3FEA593F3BFE}.Laboratorio|Any CPU.ActiveCfg = Laboratorio|Any CPU
		{B5786D07-5888-4DF5-B295-3FEA593F3BFE}.Laboratorio|Any CPU.Build.0 = Laboratorio|Any CPU
		{B5786D07-5888-4DF5-B295-3FEA593F3BFE}.Laboratorio|Mixed Platforms.ActiveCfg = Laboratorio|Any CPU
		{B5786D07-5888-4DF5-B295-3FEA593F3BFE}.Laboratorio|Mixed Platforms.Build.0 = Laboratorio|Any CPU
		{B5786D07-5888-4DF5-B295-3FEA593F3BFE}.Laboratorio|x86.ActiveCfg = Laboratorio|Any CPU
		{B5786D07-5888-4DF5-B295-3FEA593F3BFE}.Laboratorio|x86.Build.0 = Laboratorio|Any CPU
		{B5786D07-5888-4DF5-B295-3FEA593F3BFE}.Release|Any CPU.ActiveCfg = Release|Any CPU
		{B5786D07-5888-4DF5-B295-3FEA593F3BFE}.Release|Any CPU.Build.0 = Release|Any CPU
		{B5786D07-5888-4DF5-B295-3FEA593F3BFE}.Release|Mixed Platforms.ActiveCfg = Release|Any CPU
		{B5786D07-5888-4DF5-B295-3FEA593F3BFE}.Release|Mixed Platforms.Build.0 = Release|Any CPU
		{B5786D07-5888-4DF5-B295-3FEA593F3BFE}.Release|x86.ActiveCfg = Release|Any CPU
		{B5786D07-5888-4DF5-B295-3FEA593F3BFE}.Release|x86.Build.0 = Release|Any CPU
		{938F5EB4-749E-47C1-A4B2-B5F5F215A4BA}.Debug|Any CPU.ActiveCfg = Debug|Any CPU
		{938F5EB4-749E-47C1-A4B2-B5F5F215A4BA}.Debug|Any CPU.Build.0 = Debug|Any CPU
		{938F5EB4-749E-47C1-A4B2-B5F5F215A4BA}.Debug|Mixed Platforms.ActiveCfg = Debug|Any CPU
		{938F5EB4-749E-47C1-A4B2-B5F5F215A4BA}.Debug|Mixed Platforms.Build.0 = Debug|Any CPU
		{938F5EB4-749E-47C1-A4B2-B5F5F215A4BA}.Debug|x86.ActiveCfg = Debug|Any CPU
		{938F5EB4-749E-47C1-A4B2-B5F5F215A4BA}.Debug|x86.Build.0 = Debug|Any CPU
		{938F5EB4-749E-47C1-A4B2-B5F5F215A4BA}.DebugLocal|Any CPU.ActiveCfg = Debug|Any CPU
		{938F5EB4-749E-47C1-A4B2-B5F5F215A4BA}.DebugLocal|Any CPU.Build.0 = Debug|Any CPU
		{938F5EB4-749E-47C1-A4B2-B5F5F215A4BA}.DebugLocal|Mixed Platforms.ActiveCfg = Debug|Any CPU
		{938F5EB4-749E-47C1-A4B2-B5F5F215A4BA}.DebugLocal|Mixed Platforms.Build.0 = Debug|Any CPU
		{938F5EB4-749E-47C1-A4B2-B5F5F215A4BA}.DebugLocal|x86.ActiveCfg = Debug|Any CPU
		{938F5EB4-749E-47C1-A4B2-B5F5F215A4BA}.DebugLocal|x86.Build.0 = Debug|Any CPU
		{938F5EB4-749E-47C1-A4B2-B5F5F215A4BA}.Homol|Any CPU.ActiveCfg = Homol|Any CPU
		{938F5EB4-749E-47C1-A4B2-B5F5F215A4BA}.Homol|Any CPU.Build.0 = Homol|Any CPU
		{938F5EB4-749E-47C1-A4B2-B5F5F215A4BA}.Homol|Mixed Platforms.ActiveCfg = Homol|Any CPU
		{938F5EB4-749E-47C1-A4B2-B5F5F215A4BA}.Homol|Mixed Platforms.Build.0 = Homol|Any CPU
		{938F5EB4-749E-47C1-A4B2-B5F5F215A4BA}.Homol|x86.ActiveCfg = Homol|Any CPU
		{938F5EB4-749E-47C1-A4B2-B5F5F215A4BA}.Homol|x86.Build.0 = Homol|Any CPU
		{938F5EB4-749E-47C1-A4B2-B5F5F215A4BA}.Laboratorio|Any CPU.ActiveCfg = Laboratorio|Any CPU
		{938F5EB4-749E-47C1-A4B2-B5F5F215A4BA}.Laboratorio|Any CPU.Build.0 = Laboratorio|Any CPU
		{938F5EB4-749E-47C1-A4B2-B5F5F215A4BA}.Laboratorio|Mixed Platforms.ActiveCfg = Laboratorio|Any CPU
		{938F5EB4-749E-47C1-A4B2-B5F5F215A4BA}.Laboratorio|Mixed Platforms.Build.0 = Laboratorio|Any CPU
		{938F5EB4-749E-47C1-A4B2-B5F5F215A4BA}.Laboratorio|x86.ActiveCfg = Laboratorio|Any CPU
		{938F5EB4-749E-47C1-A4B2-B5F5F215A4BA}.Laboratorio|x86.Build.0 = Laboratorio|Any CPU
		{938F5EB4-749E-47C1-A4B2-B5F5F215A4BA}.Release|Any CPU.ActiveCfg = Release|Any CPU
		{938F5EB4-749E-47C1-A4B2-B5F5F215A4BA}.Release|Any CPU.Build.0 = Release|Any CPU
		{938F5EB4-749E-47C1-A4B2-B5F5F215A4BA}.Release|Mixed Platforms.ActiveCfg = Release|Any CPU
		{938F5EB4-749E-47C1-A4B2-B5F5F215A4BA}.Release|Mixed Platforms.Build.0 = Release|Any CPU
		{938F5EB4-749E-47C1-A4B2-B5F5F215A4BA}.Release|x86.ActiveCfg = Release|Any CPU
		{938F5EB4-749E-47C1-A4B2-B5F5F215A4BA}.Release|x86.Build.0 = Release|Any CPU
		{C0179BD1-317E-428E-BECE-12C05CB3B0C6}.Debug|Any CPU.ActiveCfg = Debug|Any CPU
		{C0179BD1-317E-428E-BECE-12C05CB3B0C6}.Debug|Any CPU.Build.0 = Debug|Any CPU
		{C0179BD1-317E-428E-BECE-12C05CB3B0C6}.Debug|Mixed Platforms.ActiveCfg = Debug|Any CPU
		{C0179BD1-317E-428E-BECE-12C05CB3B0C6}.Debug|Mixed Platforms.Build.0 = Debug|Any CPU
		{C0179BD1-317E-428E-BECE-12C05CB3B0C6}.Debug|x86.ActiveCfg = Debug|Any CPU
		{C0179BD1-317E-428E-BECE-12C05CB3B0C6}.Debug|x86.Build.0 = Debug|Any CPU
		{C0179BD1-317E-428E-BECE-12C05CB3B0C6}.DebugLocal|Any CPU.ActiveCfg = Debug|Any CPU
		{C0179BD1-317E-428E-BECE-12C05CB3B0C6}.DebugLocal|Any CPU.Build.0 = Debug|Any CPU
		{C0179BD1-317E-428E-BECE-12C05CB3B0C6}.DebugLocal|Mixed Platforms.ActiveCfg = Debug|Any CPU
		{C0179BD1-317E-428E-BECE-12C05CB3B0C6}.DebugLocal|Mixed Platforms.Build.0 = Debug|Any CPU
		{C0179BD1-317E-428E-BECE-12C05CB3B0C6}.DebugLocal|x86.ActiveCfg = Debug|Any CPU
		{C0179BD1-317E-428E-BECE-12C05CB3B0C6}.DebugLocal|x86.Build.0 = Debug|Any CPU
		{C0179BD1-317E-428E-BECE-12C05CB3B0C6}.Homol|Any CPU.ActiveCfg = Homol|Any CPU
		{C0179BD1-317E-428E-BECE-12C05CB3B0C6}.Homol|Any CPU.Build.0 = Homol|Any CPU
		{C0179BD1-317E-428E-BECE-12C05CB3B0C6}.Homol|Mixed Platforms.ActiveCfg = Homol|Any CPU
		{C0179BD1-317E-428E-BECE-12C05CB3B0C6}.Homol|Mixed Platforms.Build.0 = Homol|Any CPU
		{C0179BD1-317E-428E-BECE-12C05CB3B0C6}.Homol|x86.ActiveCfg = Homol|Any CPU
		{C0179BD1-317E-428E-BECE-12C05CB3B0C6}.Homol|x86.Build.0 = Homol|Any CPU
		{C0179BD1-317E-428E-BECE-12C05CB3B0C6}.Laboratorio|Any CPU.ActiveCfg = Laboratorio|Any CPU
		{C0179BD1-317E-428E-BECE-12C05CB3B0C6}.Laboratorio|Any CPU.Build.0 = Laboratorio|Any CPU
		{C0179BD1-317E-428E-BECE-12C05CB3B0C6}.Laboratorio|Mixed Platforms.ActiveCfg = Laboratorio|Any CPU
		{C0179BD1-317E-428E-BECE-12C05CB3B0C6}.Laboratorio|Mixed Platforms.Build.0 = Laboratorio|Any CPU
		{C0179BD1-317E-428E-BECE-12C05CB3B0C6}.Laboratorio|x86.ActiveCfg = Laboratorio|Any CPU
		{C0179BD1-317E-428E-BECE-12C05CB3B0C6}.Laboratorio|x86.Build.0 = Laboratorio|Any CPU
		{C0179BD1-317E-428E-BECE-12C05CB3B0C6}.Release|Any CPU.ActiveCfg = Release|Any CPU
		{C0179BD1-317E-428E-BECE-12C05CB3B0C6}.Release|Any CPU.Build.0 = Release|Any CPU
		{C0179BD1-317E-428E-BECE-12C05CB3B0C6}.Release|Mixed Platforms.ActiveCfg = Release|Any CPU
		{C0179BD1-317E-428E-BECE-12C05CB3B0C6}.Release|Mixed Platforms.Build.0 = Release|Any CPU
		{C0179BD1-317E-428E-BECE-12C05CB3B0C6}.Release|x86.ActiveCfg = Release|Any CPU
		{C0179BD1-317E-428E-BECE-12C05CB3B0C6}.Release|x86.Build.0 = Release|Any CPU
		{8D856E0A-17CC-42FC-9F18-32D20EF0C53A}.Debug|Any CPU.ActiveCfg = Debug|Any CPU
		{8D856E0A-17CC-42FC-9F18-32D20EF0C53A}.Debug|Any CPU.Build.0 = Debug|Any CPU
		{8D856E0A-17CC-42FC-9F18-32D20EF0C53A}.Debug|Mixed Platforms.ActiveCfg = Debug|Any CPU
		{8D856E0A-17CC-42FC-9F18-32D20EF0C53A}.Debug|Mixed Platforms.Build.0 = Debug|Any CPU
		{8D856E0A-17CC-42FC-9F18-32D20EF0C53A}.Debug|x86.ActiveCfg = Debug|Any CPU
		{8D856E0A-17CC-42FC-9F18-32D20EF0C53A}.Debug|x86.Build.0 = Debug|Any CPU
		{8D856E0A-17CC-42FC-9F18-32D20EF0C53A}.DebugLocal|Any CPU.ActiveCfg = DebugLocal|Any CPU
		{8D856E0A-17CC-42FC-9F18-32D20EF0C53A}.DebugLocal|Any CPU.Build.0 = DebugLocal|Any CPU
		{8D856E0A-17CC-42FC-9F18-32D20EF0C53A}.DebugLocal|Mixed Platforms.ActiveCfg = DebugLocal|Any CPU
		{8D856E0A-17CC-42FC-9F18-32D20EF0C53A}.DebugLocal|Mixed Platforms.Build.0 = DebugLocal|Any CPU
		{8D856E0A-17CC-42FC-9F18-32D20EF0C53A}.DebugLocal|x86.ActiveCfg = DebugLocal|Any CPU
		{8D856E0A-17CC-42FC-9F18-32D20EF0C53A}.DebugLocal|x86.Build.0 = DebugLocal|Any CPU
		{8D856E0A-17CC-42FC-9F18-32D20EF0C53A}.Homol|Any CPU.ActiveCfg = Homol|Any CPU
		{8D856E0A-17CC-42FC-9F18-32D20EF0C53A}.Homol|Any CPU.Build.0 = Homol|Any CPU
		{8D856E0A-17CC-42FC-9F18-32D20EF0C53A}.Homol|Mixed Platforms.ActiveCfg = Homol|Any CPU
		{8D856E0A-17CC-42FC-9F18-32D20EF0C53A}.Homol|Mixed Platforms.Build.0 = Homol|Any CPU
		{8D856E0A-17CC-42FC-9F18-32D20EF0C53A}.Homol|x86.ActiveCfg = Homol|Any CPU
		{8D856E0A-17CC-42FC-9F18-32D20EF0C53A}.Homol|x86.Build.0 = Homol|Any CPU
		{8D856E0A-17CC-42FC-9F18-32D20EF0C53A}.Laboratorio|Any CPU.ActiveCfg = Laboratorio|Any CPU
		{8D856E0A-17CC-42FC-9F18-32D20EF0C53A}.Laboratorio|Any CPU.Build.0 = Laboratorio|Any CPU
		{8D856E0A-17CC-42FC-9F18-32D20EF0C53A}.Laboratorio|Mixed Platforms.ActiveCfg = Laboratorio|Any CPU
		{8D856E0A-17CC-42FC-9F18-32D20EF0C53A}.Laboratorio|Mixed Platforms.Build.0 = Laboratorio|Any CPU
		{8D856E0A-17CC-42FC-9F18-32D20EF0C53A}.Laboratorio|x86.ActiveCfg = Laboratorio|Any CPU
		{8D856E0A-17CC-42FC-9F18-32D20EF0C53A}.Laboratorio|x86.Build.0 = Laboratorio|Any CPU
		{8D856E0A-17CC-42FC-9F18-32D20EF0C53A}.Release|Any CPU.ActiveCfg = Release|Any CPU
		{8D856E0A-17CC-42FC-9F18-32D20EF0C53A}.Release|Any CPU.Build.0 = Release|Any CPU
		{8D856E0A-17CC-42FC-9F18-32D20EF0C53A}.Release|Mixed Platforms.ActiveCfg = Release|Any CPU
		{8D856E0A-17CC-42FC-9F18-32D20EF0C53A}.Release|Mixed Platforms.Build.0 = Release|Any CPU
		{8D856E0A-17CC-42FC-9F18-32D20EF0C53A}.Release|x86.ActiveCfg = Release|Any CPU
		{8D856E0A-17CC-42FC-9F18-32D20EF0C53A}.Release|x86.Build.0 = Release|Any CPU
		{BAF088F8-3FCB-45EF-A228-6424C34C65CA}.Debug|Any CPU.ActiveCfg = Debug|Any CPU
		{BAF088F8-3FCB-45EF-A228-6424C34C65CA}.Debug|Any CPU.Build.0 = Debug|Any CPU
		{BAF088F8-3FCB-45EF-A228-6424C34C65CA}.Debug|Mixed Platforms.ActiveCfg = Debug|Any CPU
		{BAF088F8-3FCB-45EF-A228-6424C34C65CA}.Debug|Mixed Platforms.Build.0 = Debug|Any CPU
		{BAF088F8-3FCB-45EF-A228-6424C34C65CA}.Debug|x86.ActiveCfg = Debug|Any CPU
		{BAF088F8-3FCB-45EF-A228-6424C34C65CA}.Debug|x86.Build.0 = Debug|Any CPU
		{BAF088F8-3FCB-45EF-A228-6424C34C65CA}.DebugLocal|Any CPU.ActiveCfg = Debug|Any CPU
		{BAF088F8-3FCB-45EF-A228-6424C34C65CA}.DebugLocal|Any CPU.Build.0 = Debug|Any CPU
		{BAF088F8-3FCB-45EF-A228-6424C34C65CA}.DebugLocal|Mixed Platforms.ActiveCfg = Debug|Any CPU
		{BAF088F8-3FCB-45EF-A228-6424C34C65CA}.DebugLocal|Mixed Platforms.Build.0 = Debug|Any CPU
		{BAF088F8-3FCB-45EF-A228-6424C34C65CA}.DebugLocal|x86.ActiveCfg = Debug|Any CPU
		{BAF088F8-3FCB-45EF-A228-6424C34C65CA}.DebugLocal|x86.Build.0 = Debug|Any CPU
		{BAF088F8-3FCB-45EF-A228-6424C34C65CA}.Homol|Any CPU.ActiveCfg = Homol|Any CPU
		{BAF088F8-3FCB-45EF-A228-6424C34C65CA}.Homol|Any CPU.Build.0 = Homol|Any CPU
		{BAF088F8-3FCB-45EF-A228-6424C34C65CA}.Homol|Mixed Platforms.ActiveCfg = Homol|Any CPU
		{BAF088F8-3FCB-45EF-A228-6424C34C65CA}.Homol|Mixed Platforms.Build.0 = Homol|Any CPU
		{BAF088F8-3FCB-45EF-A228-6424C34C65CA}.Homol|x86.ActiveCfg = Homol|Any CPU
		{BAF088F8-3FCB-45EF-A228-6424C34C65CA}.Homol|x86.Build.0 = Homol|Any CPU
		{BAF088F8-3FCB-45EF-A228-6424C34C65CA}.Laboratorio|Any CPU.ActiveCfg = Laboratorio|Any CPU
		{BAF088F8-3FCB-45EF-A228-6424C34C65CA}.Laboratorio|Any CPU.Build.0 = Laboratorio|Any CPU
		{BAF088F8-3FCB-45EF-A228-6424C34C65CA}.Laboratorio|Mixed Platforms.ActiveCfg = Laboratorio|Any CPU
		{BAF088F8-3FCB-45EF-A228-6424C34C65CA}.Laboratorio|Mixed Platforms.Build.0 = Laboratorio|Any CPU
		{BAF088F8-3FCB-45EF-A228-6424C34C65CA}.Laboratorio|x86.ActiveCfg = Laboratorio|Any CPU
		{BAF088F8-3FCB-45EF-A228-6424C34C65CA}.Laboratorio|x86.Build.0 = Laboratorio|Any CPU
		{BAF088F8-3FCB-45EF-A228-6424C34C65CA}.Release|Any CPU.ActiveCfg = Release|Any CPU
		{BAF088F8-3FCB-45EF-A228-6424C34C65CA}.Release|Any CPU.Build.0 = Release|Any CPU
		{BAF088F8-3FCB-45EF-A228-6424C34C65CA}.Release|Mixed Platforms.ActiveCfg = Release|Any CPU
		{BAF088F8-3FCB-45EF-A228-6424C34C65CA}.Release|Mixed Platforms.Build.0 = Release|Any CPU
		{BAF088F8-3FCB-45EF-A228-6424C34C65CA}.Release|x86.ActiveCfg = Release|Any CPU
		{BAF088F8-3FCB-45EF-A228-6424C34C65CA}.Release|x86.Build.0 = Release|Any CPU
		{51AEBE8F-AF51-4A49-AD17-062D2CFC1B46}.Debug|Any CPU.ActiveCfg = Debug|Any CPU
		{51AEBE8F-AF51-4A49-AD17-062D2CFC1B46}.Debug|Any CPU.Build.0 = Debug|Any CPU
		{51AEBE8F-AF51-4A49-AD17-062D2CFC1B46}.Debug|Mixed Platforms.ActiveCfg = Debug|Any CPU
		{51AEBE8F-AF51-4A49-AD17-062D2CFC1B46}.Debug|Mixed Platforms.Build.0 = Debug|Any CPU
		{51AEBE8F-AF51-4A49-AD17-062D2CFC1B46}.Debug|x86.ActiveCfg = Debug|Any CPU
		{51AEBE8F-AF51-4A49-AD17-062D2CFC1B46}.Debug|x86.Build.0 = Debug|Any CPU
		{51AEBE8F-AF51-4A49-AD17-062D2CFC1B46}.DebugLocal|Any CPU.ActiveCfg = Debug|Any CPU
		{51AEBE8F-AF51-4A49-AD17-062D2CFC1B46}.DebugLocal|Any CPU.Build.0 = Debug|Any CPU
		{51AEBE8F-AF51-4A49-AD17-062D2CFC1B46}.DebugLocal|Mixed Platforms.ActiveCfg = Debug|Any CPU
		{51AEBE8F-AF51-4A49-AD17-062D2CFC1B46}.DebugLocal|Mixed Platforms.Build.0 = Debug|Any CPU
		{51AEBE8F-AF51-4A49-AD17-062D2CFC1B46}.DebugLocal|x86.ActiveCfg = Debug|Any CPU
		{51AEBE8F-AF51-4A49-AD17-062D2CFC1B46}.DebugLocal|x86.Build.0 = Debug|Any CPU
		{51AEBE8F-AF51-4A49-AD17-062D2CFC1B46}.Homol|Any CPU.ActiveCfg = Homol|Any CPU
		{51AEBE8F-AF51-4A49-AD17-062D2CFC1B46}.Homol|Any CPU.Build.0 = Homol|Any CPU
		{51AEBE8F-AF51-4A49-AD17-062D2CFC1B46}.Homol|Mixed Platforms.ActiveCfg = Homol|Any CPU
		{51AEBE8F-AF51-4A49-AD17-062D2CFC1B46}.Homol|Mixed Platforms.Build.0 = Homol|Any CPU
		{51AEBE8F-AF51-4A49-AD17-062D2CFC1B46}.Homol|x86.ActiveCfg = Homol|Any CPU
		{51AEBE8F-AF51-4A49-AD17-062D2CFC1B46}.Homol|x86.Build.0 = Homol|Any CPU
		{51AEBE8F-AF51-4A49-AD17-062D2CFC1B46}.Laboratorio|Any CPU.ActiveCfg = Laboratorio|Any CPU
		{51AEBE8F-AF51-4A49-AD17-062D2CFC1B46}.Laboratorio|Any CPU.Build.0 = Laboratorio|Any CPU
		{51AEBE8F-AF51-4A49-AD17-062D2CFC1B46}.Laboratorio|Mixed Platforms.ActiveCfg = Laboratorio|Any CPU
		{51AEBE8F-AF51-4A49-AD17-062D2CFC1B46}.Laboratorio|Mixed Platforms.Build.0 = Laboratorio|Any CPU
		{51AEBE8F-AF51-4A49-AD17-062D2CFC1B46}.Laboratorio|x86.ActiveCfg = Laboratorio|Any CPU
		{51AEBE8F-AF51-4A49-AD17-062D2CFC1B46}.Laboratorio|x86.Build.0 = Laboratorio|Any CPU
		{51AEBE8F-AF51-4A49-AD17-062D2CFC1B46}.Release|Any CPU.ActiveCfg = Release|Any CPU
		{51AEBE8F-AF51-4A49-AD17-062D2CFC1B46}.Release|Any CPU.Build.0 = Release|Any CPU
		{51AEBE8F-AF51-4A49-AD17-062D2CFC1B46}.Release|Mixed Platforms.ActiveCfg = Release|Any CPU
		{51AEBE8F-AF51-4A49-AD17-062D2CFC1B46}.Release|Mixed Platforms.Build.0 = Release|Any CPU
		{51AEBE8F-AF51-4A49-AD17-062D2CFC1B46}.Release|x86.ActiveCfg = Release|Any CPU
		{51AEBE8F-AF51-4A49-AD17-062D2CFC1B46}.Release|x86.Build.0 = Release|Any CPU
		{F038F286-5AEF-4341-83EC-9F72F42D06D6}.Debug|Any CPU.ActiveCfg = Debug|Any CPU
		{F038F286-5AEF-4341-83EC-9F72F42D06D6}.Debug|Any CPU.Build.0 = Debug|Any CPU
		{F038F286-5AEF-4341-83EC-9F72F42D06D6}.Debug|Mixed Platforms.ActiveCfg = Debug|Any CPU
		{F038F286-5AEF-4341-83EC-9F72F42D06D6}.Debug|Mixed Platforms.Build.0 = Debug|Any CPU
		{F038F286-5AEF-4341-83EC-9F72F42D06D6}.Debug|x86.ActiveCfg = Debug|Any CPU
		{F038F286-5AEF-4341-83EC-9F72F42D06D6}.Debug|x86.Build.0 = Debug|Any CPU
		{F038F286-5AEF-4341-83EC-9F72F42D06D6}.DebugLocal|Any CPU.ActiveCfg = Debug|Any CPU
		{F038F286-5AEF-4341-83EC-9F72F42D06D6}.DebugLocal|Any CPU.Build.0 = Debug|Any CPU
		{F038F286-5AEF-4341-83EC-9F72F42D06D6}.DebugLocal|Mixed Platforms.ActiveCfg = Debug|Any CPU
		{F038F286-5AEF-4341-83EC-9F72F42D06D6}.DebugLocal|Mixed Platforms.Build.0 = Debug|Any CPU
		{F038F286-5AEF-4341-83EC-9F72F42D06D6}.DebugLocal|x86.ActiveCfg = Debug|Any CPU
		{F038F286-5AEF-4341-83EC-9F72F42D06D6}.DebugLocal|x86.Build.0 = Debug|Any CPU
		{F038F286-5AEF-4341-83EC-9F72F42D06D6}.Homol|Any CPU.ActiveCfg = Homol|Any CPU
		{F038F286-5AEF-4341-83EC-9F72F42D06D6}.Homol|Any CPU.Build.0 = Homol|Any CPU
		{F038F286-5AEF-4341-83EC-9F72F42D06D6}.Homol|Mixed Platforms.ActiveCfg = Homol|Any CPU
		{F038F286-5AEF-4341-83EC-9F72F42D06D6}.Homol|Mixed Platforms.Build.0 = Homol|Any CPU
		{F038F286-5AEF-4341-83EC-9F72F42D06D6}.Homol|x86.ActiveCfg = Homol|Any CPU
		{F038F286-5AEF-4341-83EC-9F72F42D06D6}.Homol|x86.Build.0 = Homol|Any CPU
		{F038F286-5AEF-4341-83EC-9F72F42D06D6}.Laboratorio|Any CPU.ActiveCfg = Laboratorio|Any CPU
		{F038F286-5AEF-4341-83EC-9F72F42D06D6}.Laboratorio|Any CPU.Build.0 = Laboratorio|Any CPU
		{F038F286-5AEF-4341-83EC-9F72F42D06D6}.Laboratorio|Mixed Platforms.ActiveCfg = Laboratorio|Any CPU
		{F038F286-5AEF-4341-83EC-9F72F42D06D6}.Laboratorio|Mixed Platforms.Build.0 = Laboratorio|Any CPU
		{F038F286-5AEF-4341-83EC-9F72F42D06D6}.Laboratorio|x86.ActiveCfg = Laboratorio|Any CPU
		{F038F286-5AEF-4341-83EC-9F72F42D06D6}.Laboratorio|x86.Build.0 = Laboratorio|Any CPU
		{F038F286-5AEF-4341-83EC-9F72F42D06D6}.Release|Any CPU.ActiveCfg = Release|Any CPU
		{F038F286-5AEF-4341-83EC-9F72F42D06D6}.Release|Any CPU.Build.0 = Release|Any CPU
		{F038F286-5AEF-4341-83EC-9F72F42D06D6}.Release|Mixed Platforms.ActiveCfg = Release|Any CPU
		{F038F286-5AEF-4341-83EC-9F72F42D06D6}.Release|Mixed Platforms.Build.0 = Release|Any CPU
		{F038F286-5AEF-4341-83EC-9F72F42D06D6}.Release|x86.ActiveCfg = Release|Any CPU
		{F038F286-5AEF-4341-83EC-9F72F42D06D6}.Release|x86.Build.0 = Release|Any CPU
		{EB719B2A-A463-473D-848B-2F65DE8571DE}.Debug|Any CPU.ActiveCfg = Debug|Any CPU
		{EB719B2A-A463-473D-848B-2F65DE8571DE}.Debug|Any CPU.Build.0 = Debug|Any CPU
		{EB719B2A-A463-473D-848B-2F65DE8571DE}.Debug|Mixed Platforms.ActiveCfg = Debug|Any CPU
		{EB719B2A-A463-473D-848B-2F65DE8571DE}.Debug|Mixed Platforms.Build.0 = Debug|Any CPU
		{EB719B2A-A463-473D-848B-2F65DE8571DE}.Debug|x86.ActiveCfg = Debug|Any CPU
		{EB719B2A-A463-473D-848B-2F65DE8571DE}.Debug|x86.Build.0 = Debug|Any CPU
		{EB719B2A-A463-473D-848B-2F65DE8571DE}.DebugLocal|Any CPU.ActiveCfg = Debug|Any CPU
		{EB719B2A-A463-473D-848B-2F65DE8571DE}.DebugLocal|Any CPU.Build.0 = Debug|Any CPU
		{EB719B2A-A463-473D-848B-2F65DE8571DE}.DebugLocal|Mixed Platforms.ActiveCfg = Debug|Any CPU
		{EB719B2A-A463-473D-848B-2F65DE8571DE}.DebugLocal|Mixed Platforms.Build.0 = Debug|Any CPU
		{EB719B2A-A463-473D-848B-2F65DE8571DE}.DebugLocal|x86.ActiveCfg = Debug|Any CPU
		{EB719B2A-A463-473D-848B-2F65DE8571DE}.DebugLocal|x86.Build.0 = Debug|Any CPU
		{EB719B2A-A463-473D-848B-2F65DE8571DE}.Homol|Any CPU.ActiveCfg = Homol|Any CPU
		{EB719B2A-A463-473D-848B-2F65DE8571DE}.Homol|Any CPU.Build.0 = Homol|Any CPU
		{EB719B2A-A463-473D-848B-2F65DE8571DE}.Homol|Mixed Platforms.ActiveCfg = Homol|Any CPU
		{EB719B2A-A463-473D-848B-2F65DE8571DE}.Homol|Mixed Platforms.Build.0 = Homol|Any CPU
		{EB719B2A-A463-473D-848B-2F65DE8571DE}.Homol|x86.ActiveCfg = Homol|Any CPU
		{EB719B2A-A463-473D-848B-2F65DE8571DE}.Homol|x86.Build.0 = Homol|Any CPU
		{EB719B2A-A463-473D-848B-2F65DE8571DE}.Laboratorio|Any CPU.ActiveCfg = Laboratorio|Any CPU
		{EB719B2A-A463-473D-848B-2F65DE8571DE}.Laboratorio|Any CPU.Build.0 = Laboratorio|Any CPU
		{EB719B2A-A463-473D-848B-2F65DE8571DE}.Laboratorio|Mixed Platforms.ActiveCfg = Laboratorio|Any CPU
		{EB719B2A-A463-473D-848B-2F65DE8571DE}.Laboratorio|Mixed Platforms.Build.0 = Laboratorio|Any CPU
		{EB719B2A-A463-473D-848B-2F65DE8571DE}.Laboratorio|x86.ActiveCfg = Laboratorio|Any CPU
		{EB719B2A-A463-473D-848B-2F65DE8571DE}.Laboratorio|x86.Build.0 = Laboratorio|Any CPU
		{EB719B2A-A463-473D-848B-2F65DE8571DE}.Release|Any CPU.ActiveCfg = Release|Any CPU
		{EB719B2A-A463-473D-848B-2F65DE8571DE}.Release|Any CPU.Build.0 = Release|Any CPU
		{EB719B2A-A463-473D-848B-2F65DE8571DE}.Release|Mixed Platforms.ActiveCfg = Release|Any CPU
		{EB719B2A-A463-473D-848B-2F65DE8571DE}.Release|Mixed Platforms.Build.0 = Release|Any CPU
		{EB719B2A-A463-473D-848B-2F65DE8571DE}.Release|x86.ActiveCfg = Release|Any CPU
		{EB719B2A-A463-473D-848B-2F65DE8571DE}.Release|x86.Build.0 = Release|Any CPU
		{3526AE7A-D276-4C89-A6D8-85A04453EB10}.Debug|Any CPU.ActiveCfg = Debug|Any CPU
		{3526AE7A-D276-4C89-A6D8-85A04453EB10}.Debug|Any CPU.Build.0 = Debug|Any CPU
		{3526AE7A-D276-4C89-A6D8-85A04453EB10}.Debug|Mixed Platforms.ActiveCfg = Debug|Any CPU
		{3526AE7A-D276-4C89-A6D8-85A04453EB10}.Debug|Mixed Platforms.Build.0 = Debug|Any CPU
		{3526AE7A-D276-4C89-A6D8-85A04453EB10}.Debug|x86.ActiveCfg = Debug|Any CPU
		{3526AE7A-D276-4C89-A6D8-85A04453EB10}.Debug|x86.Build.0 = Debug|Any CPU
		{3526AE7A-D276-4C89-A6D8-85A04453EB10}.DebugLocal|Any CPU.ActiveCfg = Debug|Any CPU
		{3526AE7A-D276-4C89-A6D8-85A04453EB10}.DebugLocal|Any CPU.Build.0 = Debug|Any CPU
		{3526AE7A-D276-4C89-A6D8-85A04453EB10}.DebugLocal|Mixed Platforms.ActiveCfg = Debug|Any CPU
		{3526AE7A-D276-4C89-A6D8-85A04453EB10}.DebugLocal|Mixed Platforms.Build.0 = Debug|Any CPU
		{3526AE7A-D276-4C89-A6D8-85A04453EB10}.DebugLocal|x86.ActiveCfg = Debug|Any CPU
		{3526AE7A-D276-4C89-A6D8-85A04453EB10}.DebugLocal|x86.Build.0 = Debug|Any CPU
		{3526AE7A-D276-4C89-A6D8-85A04453EB10}.Homol|Any CPU.ActiveCfg = Homol|Any CPU
		{3526AE7A-D276-4C89-A6D8-85A04453EB10}.Homol|Any CPU.Build.0 = Homol|Any CPU
		{3526AE7A-D276-4C89-A6D8-85A04453EB10}.Homol|Mixed Platforms.ActiveCfg = Homol|Any CPU
		{3526AE7A-D276-4C89-A6D8-85A04453EB10}.Homol|Mixed Platforms.Build.0 = Homol|Any CPU
		{3526AE7A-D276-4C89-A6D8-85A04453EB10}.Homol|x86.ActiveCfg = Homol|Any CPU
		{3526AE7A-D276-4C89-A6D8-85A04453EB10}.Homol|x86.Build.0 = Homol|Any CPU
		{3526AE7A-D276-4C89-A6D8-85A04453EB10}.Laboratorio|Any CPU.ActiveCfg = Laboratorio|Any CPU
		{3526AE7A-D276-4C89-A6D8-85A04453EB10}.Laboratorio|Any CPU.Build.0 = Laboratorio|Any CPU
		{3526AE7A-D276-4C89-A6D8-85A04453EB10}.Laboratorio|Mixed Platforms.ActiveCfg = Laboratorio|Any CPU
		{3526AE7A-D276-4C89-A6D8-85A04453EB10}.Laboratorio|Mixed Platforms.Build.0 = Laboratorio|Any CPU
		{3526AE7A-D276-4C89-A6D8-85A04453EB10}.Laboratorio|x86.ActiveCfg = Laboratorio|Any CPU
		{3526AE7A-D276-4C89-A6D8-85A04453EB10}.Laboratorio|x86.Build.0 = Laboratorio|Any CPU
		{3526AE7A-D276-4C89-A6D8-85A04453EB10}.Release|Any CPU.ActiveCfg = Release|Any CPU
		{3526AE7A-D276-4C89-A6D8-85A04453EB10}.Release|Any CPU.Build.0 = Release|Any CPU
		{3526AE7A-D276-4C89-A6D8-85A04453EB10}.Release|Mixed Platforms.ActiveCfg = Release|Any CPU
		{3526AE7A-D276-4C89-A6D8-85A04453EB10}.Release|Mixed Platforms.Build.0 = Release|Any CPU
		{3526AE7A-D276-4C89-A6D8-85A04453EB10}.Release|x86.ActiveCfg = Release|Any CPU
		{3526AE7A-D276-4C89-A6D8-85A04453EB10}.Release|x86.Build.0 = Release|Any CPU
		{505E7509-235D-47ED-8DED-6D201274FD1C}.Debug|Any CPU.ActiveCfg = Debug|Any CPU
		{505E7509-235D-47ED-8DED-6D201274FD1C}.Debug|Any CPU.Build.0 = Debug|Any CPU
		{505E7509-235D-47ED-8DED-6D201274FD1C}.Debug|Mixed Platforms.ActiveCfg = Debug|Any CPU
		{505E7509-235D-47ED-8DED-6D201274FD1C}.Debug|Mixed Platforms.Build.0 = Debug|Any CPU
		{505E7509-235D-47ED-8DED-6D201274FD1C}.Debug|x86.ActiveCfg = Debug|Any CPU
		{505E7509-235D-47ED-8DED-6D201274FD1C}.Debug|x86.Build.0 = Debug|Any CPU
		{505E7509-235D-47ED-8DED-6D201274FD1C}.DebugLocal|Any CPU.ActiveCfg = Debug|Any CPU
		{505E7509-235D-47ED-8DED-6D201274FD1C}.DebugLocal|Any CPU.Build.0 = Debug|Any CPU
		{505E7509-235D-47ED-8DED-6D201274FD1C}.DebugLocal|Mixed Platforms.ActiveCfg = Debug|Any CPU
		{505E7509-235D-47ED-8DED-6D201274FD1C}.DebugLocal|Mixed Platforms.Build.0 = Debug|Any CPU
		{505E7509-235D-47ED-8DED-6D201274FD1C}.DebugLocal|x86.ActiveCfg = Debug|Any CPU
		{505E7509-235D-47ED-8DED-6D201274FD1C}.DebugLocal|x86.Build.0 = Debug|Any CPU
		{505E7509-235D-47ED-8DED-6D201274FD1C}.Homol|Any CPU.ActiveCfg = Homol|Any CPU
		{505E7509-235D-47ED-8DED-6D201274FD1C}.Homol|Any CPU.Build.0 = Homol|Any CPU
		{505E7509-235D-47ED-8DED-6D201274FD1C}.Homol|Mixed Platforms.ActiveCfg = Homol|Any CPU
		{505E7509-235D-47ED-8DED-6D201274FD1C}.Homol|Mixed Platforms.Build.0 = Homol|Any CPU
		{505E7509-235D-47ED-8DED-6D201274FD1C}.Homol|x86.ActiveCfg = Homol|Any CPU
		{505E7509-235D-47ED-8DED-6D201274FD1C}.Homol|x86.Build.0 = Homol|Any CPU
		{505E7509-235D-47ED-8DED-6D201274FD1C}.Laboratorio|Any CPU.ActiveCfg = Laboratorio|Any CPU
		{505E7509-235D-47ED-8DED-6D201274FD1C}.Laboratorio|Any CPU.Build.0 = Laboratorio|Any CPU
		{505E7509-235D-47ED-8DED-6D201274FD1C}.Laboratorio|Mixed Platforms.ActiveCfg = Laboratorio|Any CPU
		{505E7509-235D-47ED-8DED-6D201274FD1C}.Laboratorio|Mixed Platforms.Build.0 = Laboratorio|Any CPU
		{505E7509-235D-47ED-8DED-6D201274FD1C}.Laboratorio|x86.ActiveCfg = Laboratorio|Any CPU
		{505E7509-235D-47ED-8DED-6D201274FD1C}.Laboratorio|x86.Build.0 = Laboratorio|Any CPU
		{505E7509-235D-47ED-8DED-6D201274FD1C}.Release|Any CPU.ActiveCfg = Release|Any CPU
		{505E7509-235D-47ED-8DED-6D201274FD1C}.Release|Any CPU.Build.0 = Release|Any CPU
		{505E7509-235D-47ED-8DED-6D201274FD1C}.Release|Mixed Platforms.ActiveCfg = Release|Any CPU
		{505E7509-235D-47ED-8DED-6D201274FD1C}.Release|Mixed Platforms.Build.0 = Release|Any CPU
		{505E7509-235D-47ED-8DED-6D201274FD1C}.Release|x86.ActiveCfg = Release|Any CPU
		{505E7509-235D-47ED-8DED-6D201274FD1C}.Release|x86.Build.0 = Release|Any CPU
		{01133053-8D5A-4707-8618-2BEB8F0F4EA0}.Debug|Any CPU.ActiveCfg = Debug|Any CPU
		{01133053-8D5A-4707-8618-2BEB8F0F4EA0}.Debug|Any CPU.Build.0 = Debug|Any CPU
		{01133053-8D5A-4707-8618-2BEB8F0F4EA0}.Debug|Mixed Platforms.ActiveCfg = Debug|Any CPU
		{01133053-8D5A-4707-8618-2BEB8F0F4EA0}.Debug|Mixed Platforms.Build.0 = Debug|Any CPU
		{01133053-8D5A-4707-8618-2BEB8F0F4EA0}.Debug|x86.ActiveCfg = Debug|Any CPU
		{01133053-8D5A-4707-8618-2BEB8F0F4EA0}.Debug|x86.Build.0 = Debug|Any CPU
		{01133053-8D5A-4707-8618-2BEB8F0F4EA0}.DebugLocal|Any CPU.ActiveCfg = Debug|Any CPU
		{01133053-8D5A-4707-8618-2BEB8F0F4EA0}.DebugLocal|Any CPU.Build.0 = Debug|Any CPU
		{01133053-8D5A-4707-8618-2BEB8F0F4EA0}.DebugLocal|Mixed Platforms.ActiveCfg = Debug|Any CPU
		{01133053-8D5A-4707-8618-2BEB8F0F4EA0}.DebugLocal|Mixed Platforms.Build.0 = Debug|Any CPU
		{01133053-8D5A-4707-8618-2BEB8F0F4EA0}.DebugLocal|x86.ActiveCfg = Debug|Any CPU
		{01133053-8D5A-4707-8618-2BEB8F0F4EA0}.DebugLocal|x86.Build.0 = Debug|Any CPU
		{01133053-8D5A-4707-8618-2BEB8F0F4EA0}.Homol|Any CPU.ActiveCfg = Homol|Any CPU
		{01133053-8D5A-4707-8618-2BEB8F0F4EA0}.Homol|Any CPU.Build.0 = Homol|Any CPU
		{01133053-8D5A-4707-8618-2BEB8F0F4EA0}.Homol|Mixed Platforms.ActiveCfg = Homol|Any CPU
		{01133053-8D5A-4707-8618-2BEB8F0F4EA0}.Homol|Mixed Platforms.Build.0 = Homol|Any CPU
		{01133053-8D5A-4707-8618-2BEB8F0F4EA0}.Homol|x86.ActiveCfg = Homol|Any CPU
		{01133053-8D5A-4707-8618-2BEB8F0F4EA0}.Homol|x86.Build.0 = Homol|Any CPU
		{01133053-8D5A-4707-8618-2BEB8F0F4EA0}.Laboratorio|Any CPU.ActiveCfg = Laboratorio|Any CPU
		{01133053-8D5A-4707-8618-2BEB8F0F4EA0}.Laboratorio|Any CPU.Build.0 = Laboratorio|Any CPU
		{01133053-8D5A-4707-8618-2BEB8F0F4EA0}.Laboratorio|Mixed Platforms.ActiveCfg = Laboratorio|Any CPU
		{01133053-8D5A-4707-8618-2BEB8F0F4EA0}.Laboratorio|Mixed Platforms.Build.0 = Laboratorio|Any CPU
		{01133053-8D5A-4707-8618-2BEB8F0F4EA0}.Laboratorio|x86.ActiveCfg = Laboratorio|Any CPU
		{01133053-8D5A-4707-8618-2BEB8F0F4EA0}.Laboratorio|x86.Build.0 = Laboratorio|Any CPU
		{01133053-8D5A-4707-8618-2BEB8F0F4EA0}.Release|Any CPU.ActiveCfg = Release|Any CPU
		{01133053-8D5A-4707-8618-2BEB8F0F4EA0}.Release|Any CPU.Build.0 = Release|Any CPU
		{01133053-8D5A-4707-8618-2BEB8F0F4EA0}.Release|Mixed Platforms.ActiveCfg = Release|Any CPU
		{01133053-8D5A-4707-8618-2BEB8F0F4EA0}.Release|Mixed Platforms.Build.0 = Release|Any CPU
		{01133053-8D5A-4707-8618-2BEB8F0F4EA0}.Release|x86.ActiveCfg = Release|Any CPU
		{01133053-8D5A-4707-8618-2BEB8F0F4EA0}.Release|x86.Build.0 = Release|Any CPU
	EndGlobalSection
	GlobalSection(SolutionProperties) = preSolution
		HideSolutionNode = FALSE
	EndGlobalSection
	GlobalSection(NestedProjects) = preSolution
		{0A675689-BE47-428C-9D13-06F9272CFEE8} = {4293F981-DE4F-4772-8383-5E7FD3B3DD2D}
		{25091993-EB42-445F-928A-A3775E5DF15E} = {A66C94B4-3FAA-4062-BACA-C4D54E2487A1}
		{2B8B68E3-972C-4725-B2D0-D57B248F0449} = {6F8B256D-78C5-410D-9E8C-D4A75FACBF58}
		{F8A25DE4-344E-41E0-937A-5122A1B9D15A} = {4293F981-DE4F-4772-8383-5E7FD3B3DD2D}
		{374771D1-EA71-4388-B178-F4851CB67CFC} = {E3EA26CB-CB4C-4FA1-A511-8B95819F164C}
		{15826CB6-684F-46D0-8213-FB36D7CC4A38} = {E3EA26CB-CB4C-4FA1-A511-8B95819F164C}
		{AD646B4A-02F8-4F5B-A5F6-5EAECCDEEE7B} = {E3EA26CB-CB4C-4FA1-A511-8B95819F164C}
		{AB801664-0D7F-4101-921B-3BD6582768FB} = {E3EA26CB-CB4C-4FA1-A511-8B95819F164C}
		{B5786D07-5888-4DF5-B295-3FEA593F3BFE} = {4293F981-DE4F-4772-8383-5E7FD3B3DD2D}
		{938F5EB4-749E-47C1-A4B2-B5F5F215A4BA} = {EE8BD636-04FC-4BF9-A244-918D6F2D1F43}
		{C0179BD1-317E-428E-BECE-12C05CB3B0C6} = {6F8B256D-78C5-410D-9E8C-D4A75FACBF58}
		{8D856E0A-17CC-42FC-9F18-32D20EF0C53A} = {7DF4E0D0-3840-416E-8F76-AE34A337CDF3}
		{BAF088F8-3FCB-45EF-A228-6424C34C65CA} = {6F8B256D-78C5-410D-9E8C-D4A75FACBF58}
		{51AEBE8F-AF51-4A49-AD17-062D2CFC1B46} = {F9AF0256-A38B-46C4-A392-E7D6ACD3D445}
		{F038F286-5AEF-4341-83EC-9F72F42D06D6} = {4293F981-DE4F-4772-8383-5E7FD3B3DD2D}
		{EB719B2A-A463-473D-848B-2F65DE8571DE} = {4293F981-DE4F-4772-8383-5E7FD3B3DD2D}
		{3526AE7A-D276-4C89-A6D8-85A04453EB10} = {A66C94B4-3FAA-4062-BACA-C4D54E2487A1}
		{505E7509-235D-47ED-8DED-6D201274FD1C} = {6F8B256D-78C5-410D-9E8C-D4A75FACBF58}
		{01133053-8D5A-4707-8618-2BEB8F0F4EA0} = {6F8B256D-78C5-410D-9E8C-D4A75FACBF58}
	EndGlobalSection
	GlobalSection(ExtensibilityGlobals) = postSolution
		EnterpriseLibraryConfigurationToolBinariesPath = packages\TransientFaultHandling.Core.5.1.1209.0\lib\NET4;packages\EnterpriseLibrary.WindowsAzure.TransientFaultHandling.5.1.1212.0\lib\NET4;packages\EnterpriseLibrary.WindowsAzure.TransientFaultHandling.5.1.1212.0\DesignTime
		EnterpriseLibraryConfigurationToolBinariesPathV6 = packages\EnterpriseLibrary.Common.6.0.1304.0\lib\NET45
	EndGlobalSection
EndGlobal
